// !$*UTF8*$!
{
	archiveVersion = 1;
	classes = {
	};
	objectVersion = 55;
	objects = {

/* Begin PBXBuildFile section */
		0E28D1332717C1EA0000DADD /* Tests_iOS.swift in Sources */ = {isa = PBXBuildFile; fileRef = 0E28D1322717C1EA0000DADD /* Tests_iOS.swift */; };
		0E28D1352717C1EA0000DADD /* Tests_iOSLaunchTests.swift in Sources */ = {isa = PBXBuildFile; fileRef = 0E28D1342717C1EA0000DADD /* Tests_iOSLaunchTests.swift */; };
		0E28D13F2717C1EA0000DADD /* Tests_macOS.swift in Sources */ = {isa = PBXBuildFile; fileRef = 0E28D13E2717C1EA0000DADD /* Tests_macOS.swift */; };
		0E28D1412717C1EA0000DADD /* Tests_macOSLaunchTests.swift in Sources */ = {isa = PBXBuildFile; fileRef = 0E28D1402717C1EA0000DADD /* Tests_macOSLaunchTests.swift */; };
		0E28D1422717C1EA0000DADD /* NavigateApp.swift in Sources */ = {isa = PBXBuildFile; fileRef = 0E28D11A2717C1E40000DADD /* NavigateApp.swift */; };
		0E28D1432717C1EA0000DADD /* NavigateApp.swift in Sources */ = {isa = PBXBuildFile; fileRef = 0E28D11A2717C1E40000DADD /* NavigateApp.swift */; };
		0E28D1442717C1EA0000DADD /* ContentView.swift in Sources */ = {isa = PBXBuildFile; fileRef = 0E28D11B2717C1E40000DADD /* ContentView.swift */; };
		0E28D1452717C1EA0000DADD /* ContentView.swift in Sources */ = {isa = PBXBuildFile; fileRef = 0E28D11B2717C1E40000DADD /* ContentView.swift */; };
		0E28D1462717C1EA0000DADD /* Assets.xcassets in Resources */ = {isa = PBXBuildFile; fileRef = 0E28D11C2717C1EA0000DADD /* Assets.xcassets */; };
		2C78F0302718E39C00EDA914 /* DeskDetailTableViewController.swift in Sources */ = {isa = PBXBuildFile; fileRef = 2C78F02D2718E39C00EDA914 /* DeskDetailTableViewController.swift */; };
		2C78F0312718E39C00EDA914 /* IndoorNavigationMapViewController.swift in Sources */ = {isa = PBXBuildFile; fileRef = 2C78F02E2718E39C00EDA914 /* IndoorNavigationMapViewController.swift */; };
		2C78F0322718E39C00EDA914 /* DeskDetailTableViewCell.swift in Sources */ = {isa = PBXBuildFile; fileRef = 2C78F02F2718E39C00EDA914 /* DeskDetailTableViewCell.swift */; };
		2C78F0342718E3B500EDA914 /* TableDetails.storyboard in Resources */ = {isa = PBXBuildFile; fileRef = 2C78F0332718E3B500EDA914 /* TableDetails.storyboard */; };
		D081AE44271877BE00ED41EE /* WelcomeViewController+UIPickerView.swift in Sources */ = {isa = PBXBuildFile; fileRef = D081AE40271877BE00ED41EE /* WelcomeViewController+UIPickerView.swift */; };
		D081AE45271877BE00ED41EE /* WelcomeConfiguration.swift in Sources */ = {isa = PBXBuildFile; fileRef = D081AE41271877BE00ED41EE /* WelcomeConfiguration.swift */; };
		D081AE46271877BE00ED41EE /* WelcomeViewController.swift in Sources */ = {isa = PBXBuildFile; fileRef = D081AE42271877BE00ED41EE /* WelcomeViewController.swift */; };
		D081AE47271877BE00ED41EE /* FilterTableCell.swift in Sources */ = {isa = PBXBuildFile; fileRef = D081AE43271877BE00ED41EE /* FilterTableCell.swift */; };
		EDD3400627180F5700EFD9ED /* UserNotifications.framework in Frameworks */ = {isa = PBXBuildFile; fileRef = EDDBF54B2717ECED00B7AC83 /* UserNotifications.framework */; };
		EDD3400727180F5700EFD9ED /* UserNotificationsUI.framework in Frameworks */ = {isa = PBXBuildFile; fileRef = EDDBF54D2717ECED00B7AC83 /* UserNotificationsUI.framework */; };
		EDD3400A27180F5700EFD9ED /* NotificationViewController.swift in Sources */ = {isa = PBXBuildFile; fileRef = EDD3400927180F5700EFD9ED /* NotificationViewController.swift */; };
		EDD3400D27180F5700EFD9ED /* MainInterface.storyboard in Resources */ = {isa = PBXBuildFile; fileRef = EDD3400B27180F5700EFD9ED /* MainInterface.storyboard */; };
		EDD3401127180F5700EFD9ED /* NotificationContentExtension.appex in Embed App Extensions */ = {isa = PBXBuildFile; fileRef = EDD3400527180F5700EFD9ED /* NotificationContentExtension.appex */; settings = {ATTRIBUTES = (RemoveHeadersOnCopy, ); }; };
		EDD3401627183E7700EFD9ED /* Media.xcassets in Resources */ = {isa = PBXBuildFile; fileRef = EDD3401527183E7700EFD9ED /* Media.xcassets */; };
		EDDBF55E2717F54400B7AC83 /* AppDelegate.swift in Sources */ = {isa = PBXBuildFile; fileRef = EDDBF55D2717F54400B7AC83 /* AppDelegate.swift */; };
		EDDBF5622718011200B7AC83 /* NotificationManager.swift in Sources */ = {isa = PBXBuildFile; fileRef = EDDBF5612718011200B7AC83 /* NotificationManager.swift */; };
/* End PBXBuildFile section */

/* Begin PBXContainerItemProxy section */
		0E28D12F2717C1EA0000DADD /* PBXContainerItemProxy */ = {
			isa = PBXContainerItemProxy;
			containerPortal = 0E28D1152717C1E40000DADD /* Project object */;
			proxyType = 1;
			remoteGlobalIDString = 0E28D1202717C1EA0000DADD;
			remoteInfo = "Navigate (iOS)";
		};
		0E28D13B2717C1EA0000DADD /* PBXContainerItemProxy */ = {
			isa = PBXContainerItemProxy;
			containerPortal = 0E28D1152717C1E40000DADD /* Project object */;
			proxyType = 1;
			remoteGlobalIDString = 0E28D1262717C1EA0000DADD;
			remoteInfo = "Navigate (macOS)";
		};
		EDD3400F27180F5700EFD9ED /* PBXContainerItemProxy */ = {
			isa = PBXContainerItemProxy;
			containerPortal = 0E28D1152717C1E40000DADD /* Project object */;
			proxyType = 1;
			remoteGlobalIDString = EDD3400427180F5700EFD9ED;
			remoteInfo = NotificationContentExtension;
		};
/* End PBXContainerItemProxy section */

/* Begin PBXCopyFilesBuildPhase section */
		EDDBF5592717ECED00B7AC83 /* Embed App Extensions */ = {
			isa = PBXCopyFilesBuildPhase;
			buildActionMask = 2147483647;
			dstPath = "";
			dstSubfolderSpec = 13;
			files = (
				EDD3401127180F5700EFD9ED /* NotificationContentExtension.appex in Embed App Extensions */,
			);
			name = "Embed App Extensions";
			runOnlyForDeploymentPostprocessing = 0;
		};
/* End PBXCopyFilesBuildPhase section */

/* Begin PBXFileReference section */
		0E28D11A2717C1E40000DADD /* NavigateApp.swift */ = {isa = PBXFileReference; lastKnownFileType = sourcecode.swift; path = NavigateApp.swift; sourceTree = "<group>"; };
		0E28D11B2717C1E40000DADD /* ContentView.swift */ = {isa = PBXFileReference; lastKnownFileType = sourcecode.swift; path = ContentView.swift; sourceTree = "<group>"; };
		0E28D11C2717C1EA0000DADD /* Assets.xcassets */ = {isa = PBXFileReference; lastKnownFileType = folder.assetcatalog; path = Assets.xcassets; sourceTree = "<group>"; };
		0E28D1212717C1EA0000DADD /* Navigate.app */ = {isa = PBXFileReference; explicitFileType = wrapper.application; includeInIndex = 0; path = Navigate.app; sourceTree = BUILT_PRODUCTS_DIR; };
		0E28D1272717C1EA0000DADD /* Navigate.app */ = {isa = PBXFileReference; explicitFileType = wrapper.application; includeInIndex = 0; path = Navigate.app; sourceTree = BUILT_PRODUCTS_DIR; };
		0E28D1292717C1EA0000DADD /* macOS.entitlements */ = {isa = PBXFileReference; lastKnownFileType = text.plist.entitlements; path = macOS.entitlements; sourceTree = "<group>"; };
		0E28D12E2717C1EA0000DADD /* Tests iOS.xctest */ = {isa = PBXFileReference; explicitFileType = wrapper.cfbundle; includeInIndex = 0; path = "Tests iOS.xctest"; sourceTree = BUILT_PRODUCTS_DIR; };
		0E28D1322717C1EA0000DADD /* Tests_iOS.swift */ = {isa = PBXFileReference; lastKnownFileType = sourcecode.swift; path = Tests_iOS.swift; sourceTree = "<group>"; };
		0E28D1342717C1EA0000DADD /* Tests_iOSLaunchTests.swift */ = {isa = PBXFileReference; lastKnownFileType = sourcecode.swift; path = Tests_iOSLaunchTests.swift; sourceTree = "<group>"; };
		0E28D13A2717C1EA0000DADD /* Tests macOS.xctest */ = {isa = PBXFileReference; explicitFileType = wrapper.cfbundle; includeInIndex = 0; path = "Tests macOS.xctest"; sourceTree = BUILT_PRODUCTS_DIR; };
		0E28D13E2717C1EA0000DADD /* Tests_macOS.swift */ = {isa = PBXFileReference; lastKnownFileType = sourcecode.swift; path = Tests_macOS.swift; sourceTree = "<group>"; };
		0E28D1402717C1EA0000DADD /* Tests_macOSLaunchTests.swift */ = {isa = PBXFileReference; lastKnownFileType = sourcecode.swift; path = Tests_macOSLaunchTests.swift; sourceTree = "<group>"; };
		2C78F02D2718E39C00EDA914 /* DeskDetailTableViewController.swift */ = {isa = PBXFileReference; fileEncoding = 4; lastKnownFileType = sourcecode.swift; path = DeskDetailTableViewController.swift; sourceTree = "<group>"; };
		2C78F02E2718E39C00EDA914 /* IndoorNavigationMapViewController.swift */ = {isa = PBXFileReference; fileEncoding = 4; lastKnownFileType = sourcecode.swift; path = IndoorNavigationMapViewController.swift; sourceTree = "<group>"; };
		2C78F02F2718E39C00EDA914 /* DeskDetailTableViewCell.swift */ = {isa = PBXFileReference; fileEncoding = 4; lastKnownFileType = sourcecode.swift; path = DeskDetailTableViewCell.swift; sourceTree = "<group>"; };
		2C78F0332718E3B500EDA914 /* TableDetails.storyboard */ = {isa = PBXFileReference; fileEncoding = 4; lastKnownFileType = file.storyboard; path = TableDetails.storyboard; sourceTree = "<group>"; };
		D081AE40271877BE00ED41EE /* WelcomeViewController+UIPickerView.swift */ = {isa = PBXFileReference; fileEncoding = 4; lastKnownFileType = sourcecode.swift; path = "WelcomeViewController+UIPickerView.swift"; sourceTree = "<group>"; };
		D081AE41271877BE00ED41EE /* WelcomeConfiguration.swift */ = {isa = PBXFileReference; fileEncoding = 4; lastKnownFileType = sourcecode.swift; path = WelcomeConfiguration.swift; sourceTree = "<group>"; };
		D081AE42271877BE00ED41EE /* WelcomeViewController.swift */ = {isa = PBXFileReference; fileEncoding = 4; lastKnownFileType = sourcecode.swift; path = WelcomeViewController.swift; sourceTree = "<group>"; };
		D081AE43271877BE00ED41EE /* FilterTableCell.swift */ = {isa = PBXFileReference; fileEncoding = 4; lastKnownFileType = sourcecode.swift; path = FilterTableCell.swift; sourceTree = "<group>"; };
		EDD3400527180F5700EFD9ED /* NotificationContentExtension.appex */ = {isa = PBXFileReference; explicitFileType = "wrapper.app-extension"; includeInIndex = 0; path = NotificationContentExtension.appex; sourceTree = BUILT_PRODUCTS_DIR; };
		EDD3400927180F5700EFD9ED /* NotificationViewController.swift */ = {isa = PBXFileReference; lastKnownFileType = sourcecode.swift; path = NotificationViewController.swift; sourceTree = "<group>"; };
		EDD3400C27180F5700EFD9ED /* Base */ = {isa = PBXFileReference; lastKnownFileType = file.storyboard; name = Base; path = Base.lproj/MainInterface.storyboard; sourceTree = "<group>"; };
		EDD3400E27180F5700EFD9ED /* Info.plist */ = {isa = PBXFileReference; lastKnownFileType = text.plist.xml; path = Info.plist; sourceTree = "<group>"; };
		EDD3401527183E7700EFD9ED /* Media.xcassets */ = {isa = PBXFileReference; lastKnownFileType = folder.assetcatalog; path = Media.xcassets; sourceTree = "<group>"; };
		EDDBF54B2717ECED00B7AC83 /* UserNotifications.framework */ = {isa = PBXFileReference; lastKnownFileType = wrapper.framework; name = UserNotifications.framework; path = System/Library/Frameworks/UserNotifications.framework; sourceTree = SDKROOT; };
		EDDBF54D2717ECED00B7AC83 /* UserNotificationsUI.framework */ = {isa = PBXFileReference; lastKnownFileType = wrapper.framework; name = UserNotificationsUI.framework; path = System/Library/Frameworks/UserNotificationsUI.framework; sourceTree = SDKROOT; };
		EDDBF55D2717F54400B7AC83 /* AppDelegate.swift */ = {isa = PBXFileReference; lastKnownFileType = sourcecode.swift; path = AppDelegate.swift; sourceTree = "<group>"; };
		EDDBF5612718011200B7AC83 /* NotificationManager.swift */ = {isa = PBXFileReference; lastKnownFileType = sourcecode.swift; path = NotificationManager.swift; sourceTree = "<group>"; };
/* End PBXFileReference section */

/* Begin PBXFrameworksBuildPhase section */
		0E28D11E2717C1EA0000DADD /* Frameworks */ = {
			isa = PBXFrameworksBuildPhase;
			buildActionMask = 2147483647;
			files = (
			);
			runOnlyForDeploymentPostprocessing = 0;
		};
		0E28D1242717C1EA0000DADD /* Frameworks */ = {
			isa = PBXFrameworksBuildPhase;
			buildActionMask = 2147483647;
			files = (
			);
			runOnlyForDeploymentPostprocessing = 0;
		};
		0E28D12B2717C1EA0000DADD /* Frameworks */ = {
			isa = PBXFrameworksBuildPhase;
			buildActionMask = 2147483647;
			files = (
			);
			runOnlyForDeploymentPostprocessing = 0;
		};
		0E28D1372717C1EA0000DADD /* Frameworks */ = {
			isa = PBXFrameworksBuildPhase;
			buildActionMask = 2147483647;
			files = (
			);
			runOnlyForDeploymentPostprocessing = 0;
		};
		EDD3400227180F5700EFD9ED /* Frameworks */ = {
			isa = PBXFrameworksBuildPhase;
			buildActionMask = 2147483647;
			files = (
				EDD3400727180F5700EFD9ED /* UserNotificationsUI.framework in Frameworks */,
				EDD3400627180F5700EFD9ED /* UserNotifications.framework in Frameworks */,
			);
			runOnlyForDeploymentPostprocessing = 0;
		};
/* End PBXFrameworksBuildPhase section */

/* Begin PBXGroup section */
		0E28D1142717C1E40000DADD = {
			isa = PBXGroup;
			children = (
				0E28D1192717C1E40000DADD /* Shared */,
				0E28D1282717C1EA0000DADD /* macOS */,
				0E28D1312717C1EA0000DADD /* Tests iOS */,
				0E28D13D2717C1EA0000DADD /* Tests macOS */,
				EDD3400827180F5700EFD9ED /* NotificationContentExtension */,
				EDDBF54A2717ECED00B7AC83 /* Frameworks */,
				0E28D1222717C1EA0000DADD /* Products */,
			);
			sourceTree = "<group>";
		};
		0E28D1192717C1E40000DADD /* Shared */ = {
			isa = PBXGroup;
			children = (
				D081AE43271877BE00ED41EE /* FilterTableCell.swift */,
				D081AE41271877BE00ED41EE /* WelcomeConfiguration.swift */,
				D081AE42271877BE00ED41EE /* WelcomeViewController.swift */,
				D081AE40271877BE00ED41EE /* WelcomeViewController+UIPickerView.swift */,
				2C78F02F2718E39C00EDA914 /* DeskDetailTableViewCell.swift */,
				2C78F02D2718E39C00EDA914 /* DeskDetailTableViewController.swift */,
				2C78F02E2718E39C00EDA914 /* IndoorNavigationMapViewController.swift */,
				0E28D11A2717C1E40000DADD /* NavigateApp.swift */,
				0E28D11B2717C1E40000DADD /* ContentView.swift */,
				0E28D11C2717C1EA0000DADD /* Assets.xcassets */,
				EDDBF55D2717F54400B7AC83 /* AppDelegate.swift */,
				EDDBF5612718011200B7AC83 /* NotificationManager.swift */,
				2C78F0332718E3B500EDA914 /* TableDetails.storyboard */,
			);
			path = Shared;
			sourceTree = "<group>";
		};
		0E28D1222717C1EA0000DADD /* Products */ = {
			isa = PBXGroup;
			children = (
				0E28D1212717C1EA0000DADD /* Navigate.app */,
				0E28D1272717C1EA0000DADD /* Navigate.app */,
				0E28D12E2717C1EA0000DADD /* Tests iOS.xctest */,
				0E28D13A2717C1EA0000DADD /* Tests macOS.xctest */,
				EDD3400527180F5700EFD9ED /* NotificationContentExtension.appex */,
			);
			name = Products;
			sourceTree = "<group>";
		};
		0E28D1282717C1EA0000DADD /* macOS */ = {
			isa = PBXGroup;
			children = (
				0E28D1292717C1EA0000DADD /* macOS.entitlements */,
			);
			path = macOS;
			sourceTree = "<group>";
		};
		0E28D1312717C1EA0000DADD /* Tests iOS */ = {
			isa = PBXGroup;
			children = (
				0E28D1322717C1EA0000DADD /* Tests_iOS.swift */,
				0E28D1342717C1EA0000DADD /* Tests_iOSLaunchTests.swift */,
			);
			path = "Tests iOS";
			sourceTree = "<group>";
		};
		0E28D13D2717C1EA0000DADD /* Tests macOS */ = {
			isa = PBXGroup;
			children = (
				0E28D13E2717C1EA0000DADD /* Tests_macOS.swift */,
				0E28D1402717C1EA0000DADD /* Tests_macOSLaunchTests.swift */,
			);
			path = "Tests macOS";
			sourceTree = "<group>";
		};
		EDD3400827180F5700EFD9ED /* NotificationContentExtension */ = {
			isa = PBXGroup;
			children = (
				EDD3400927180F5700EFD9ED /* NotificationViewController.swift */,
				EDD3400B27180F5700EFD9ED /* MainInterface.storyboard */,
				EDD3400E27180F5700EFD9ED /* Info.plist */,
				EDD3401527183E7700EFD9ED /* Media.xcassets */,
			);
			path = NotificationContentExtension;
			sourceTree = "<group>";
		};
		EDDBF54A2717ECED00B7AC83 /* Frameworks */ = {
			isa = PBXGroup;
			children = (
				EDDBF54B2717ECED00B7AC83 /* UserNotifications.framework */,
				EDDBF54D2717ECED00B7AC83 /* UserNotificationsUI.framework */,
			);
			name = Frameworks;
			sourceTree = "<group>";
		};
/* End PBXGroup section */

/* Begin PBXNativeTarget section */
		0E28D1202717C1EA0000DADD /* Navigate (iOS) */ = {
			isa = PBXNativeTarget;
			buildConfigurationList = 0E28D14A2717C1EA0000DADD /* Build configuration list for PBXNativeTarget "Navigate (iOS)" */;
			buildPhases = (
				0E28D11D2717C1EA0000DADD /* Sources */,
				0E28D11E2717C1EA0000DADD /* Frameworks */,
				0E28D11F2717C1EA0000DADD /* Resources */,
				EDDBF5592717ECED00B7AC83 /* Embed App Extensions */,
			);
			buildRules = (
			);
			dependencies = (
				EDD3401027180F5700EFD9ED /* PBXTargetDependency */,
			);
			name = "Navigate (iOS)";
			productName = "Navigate (iOS)";
			productReference = 0E28D1212717C1EA0000DADD /* Navigate.app */;
			productType = "com.apple.product-type.application";
		};
		0E28D1262717C1EA0000DADD /* Navigate (macOS) */ = {
			isa = PBXNativeTarget;
			buildConfigurationList = 0E28D14D2717C1EA0000DADD /* Build configuration list for PBXNativeTarget "Navigate (macOS)" */;
			buildPhases = (
				0E28D1232717C1EA0000DADD /* Sources */,
				0E28D1242717C1EA0000DADD /* Frameworks */,
				0E28D1252717C1EA0000DADD /* Resources */,
			);
			buildRules = (
			);
			dependencies = (
			);
			name = "Navigate (macOS)";
			productName = "Navigate (macOS)";
			productReference = 0E28D1272717C1EA0000DADD /* Navigate.app */;
			productType = "com.apple.product-type.application";
		};
		0E28D12D2717C1EA0000DADD /* Tests iOS */ = {
			isa = PBXNativeTarget;
			buildConfigurationList = 0E28D1502717C1EA0000DADD /* Build configuration list for PBXNativeTarget "Tests iOS" */;
			buildPhases = (
				0E28D12A2717C1EA0000DADD /* Sources */,
				0E28D12B2717C1EA0000DADD /* Frameworks */,
				0E28D12C2717C1EA0000DADD /* Resources */,
			);
			buildRules = (
			);
			dependencies = (
				0E28D1302717C1EA0000DADD /* PBXTargetDependency */,
			);
			name = "Tests iOS";
			productName = "Tests iOS";
			productReference = 0E28D12E2717C1EA0000DADD /* Tests iOS.xctest */;
			productType = "com.apple.product-type.bundle.ui-testing";
		};
		0E28D1392717C1EA0000DADD /* Tests macOS */ = {
			isa = PBXNativeTarget;
			buildConfigurationList = 0E28D1532717C1EA0000DADD /* Build configuration list for PBXNativeTarget "Tests macOS" */;
			buildPhases = (
				0E28D1362717C1EA0000DADD /* Sources */,
				0E28D1372717C1EA0000DADD /* Frameworks */,
				0E28D1382717C1EA0000DADD /* Resources */,
			);
			buildRules = (
			);
			dependencies = (
				0E28D13C2717C1EA0000DADD /* PBXTargetDependency */,
			);
			name = "Tests macOS";
			productName = "Tests macOS";
			productReference = 0E28D13A2717C1EA0000DADD /* Tests macOS.xctest */;
			productType = "com.apple.product-type.bundle.ui-testing";
		};
		EDD3400427180F5700EFD9ED /* NotificationContentExtension */ = {
			isa = PBXNativeTarget;
			buildConfigurationList = EDD3401227180F5700EFD9ED /* Build configuration list for PBXNativeTarget "NotificationContentExtension" */;
			buildPhases = (
				EDD3400127180F5700EFD9ED /* Sources */,
				EDD3400227180F5700EFD9ED /* Frameworks */,
				EDD3400327180F5700EFD9ED /* Resources */,
			);
			buildRules = (
			);
			dependencies = (
			);
			name = NotificationContentExtension;
			productName = NotificationContentExtension;
			productReference = EDD3400527180F5700EFD9ED /* NotificationContentExtension.appex */;
			productType = "com.apple.product-type.app-extension";
		};
/* End PBXNativeTarget section */

/* Begin PBXProject section */
		0E28D1152717C1E40000DADD /* Project object */ = {
			isa = PBXProject;
			attributes = {
				BuildIndependentTargetsInParallel = 1;
				LastSwiftUpdateCheck = 1300;
				LastUpgradeCheck = 1300;
				TargetAttributes = {
					0E28D1202717C1EA0000DADD = {
						CreatedOnToolsVersion = 13.0;
					};
					0E28D1262717C1EA0000DADD = {
						CreatedOnToolsVersion = 13.0;
					};
					0E28D12D2717C1EA0000DADD = {
						CreatedOnToolsVersion = 13.0;
						TestTargetID = 0E28D1202717C1EA0000DADD;
					};
					0E28D1392717C1EA0000DADD = {
						CreatedOnToolsVersion = 13.0;
						TestTargetID = 0E28D1262717C1EA0000DADD;
					};
					EDD3400427180F5700EFD9ED = {
						CreatedOnToolsVersion = 13.0;
					};
				};
			};
			buildConfigurationList = 0E28D1182717C1E40000DADD /* Build configuration list for PBXProject "Navigate" */;
			compatibilityVersion = "Xcode 13.0";
			developmentRegion = en;
			hasScannedForEncodings = 0;
			knownRegions = (
				en,
				Base,
			);
			mainGroup = 0E28D1142717C1E40000DADD;
			productRefGroup = 0E28D1222717C1EA0000DADD /* Products */;
			projectDirPath = "";
			projectRoot = "";
			targets = (
				0E28D1202717C1EA0000DADD /* Navigate (iOS) */,
				0E28D1262717C1EA0000DADD /* Navigate (macOS) */,
				0E28D12D2717C1EA0000DADD /* Tests iOS */,
				0E28D1392717C1EA0000DADD /* Tests macOS */,
				EDD3400427180F5700EFD9ED /* NotificationContentExtension */,
			);
		};
/* End PBXProject section */

/* Begin PBXResourcesBuildPhase section */
		0E28D11F2717C1EA0000DADD /* Resources */ = {
			isa = PBXResourcesBuildPhase;
			buildActionMask = 2147483647;
			files = (
				2C78F0342718E3B500EDA914 /* TableDetails.storyboard in Resources */,
				0E28D1462717C1EA0000DADD /* Assets.xcassets in Resources */,
			);
			runOnlyForDeploymentPostprocessing = 0;
		};
		0E28D1252717C1EA0000DADD /* Resources */ = {
			isa = PBXResourcesBuildPhase;
			buildActionMask = 2147483647;
			files = (
			);
			runOnlyForDeploymentPostprocessing = 0;
		};
		0E28D12C2717C1EA0000DADD /* Resources */ = {
			isa = PBXResourcesBuildPhase;
			buildActionMask = 2147483647;
			files = (
			);
			runOnlyForDeploymentPostprocessing = 0;
		};
		0E28D1382717C1EA0000DADD /* Resources */ = {
			isa = PBXResourcesBuildPhase;
			buildActionMask = 2147483647;
			files = (
			);
			runOnlyForDeploymentPostprocessing = 0;
		};
		EDD3400327180F5700EFD9ED /* Resources */ = {
			isa = PBXResourcesBuildPhase;
			buildActionMask = 2147483647;
			files = (
				EDD3401627183E7700EFD9ED /* Media.xcassets in Resources */,
				EDD3400D27180F5700EFD9ED /* MainInterface.storyboard in Resources */,
			);
			runOnlyForDeploymentPostprocessing = 0;
		};
/* End PBXResourcesBuildPhase section */

/* Begin PBXSourcesBuildPhase section */
		0E28D11D2717C1EA0000DADD /* Sources */ = {
			isa = PBXSourcesBuildPhase;
			buildActionMask = 2147483647;
			files = (
				EDDBF55E2717F54400B7AC83 /* AppDelegate.swift in Sources */,
				0E28D1442717C1EA0000DADD /* ContentView.swift in Sources */,
				2C78F0312718E39C00EDA914 /* IndoorNavigationMapViewController.swift in Sources */,
				D081AE44271877BE00ED41EE /* WelcomeViewController+UIPickerView.swift in Sources */,
				D081AE45271877BE00ED41EE /* WelcomeConfiguration.swift in Sources */,
				EDDBF5622718011200B7AC83 /* NotificationManager.swift in Sources */,
				0E28D1422717C1EA0000DADD /* NavigateApp.swift in Sources */,
				D081AE47271877BE00ED41EE /* FilterTableCell.swift in Sources */,
				D081AE46271877BE00ED41EE /* WelcomeViewController.swift in Sources */,
				2C78F0322718E39C00EDA914 /* DeskDetailTableViewCell.swift in Sources */,
				2C78F0302718E39C00EDA914 /* DeskDetailTableViewController.swift in Sources */,
			);
			runOnlyForDeploymentPostprocessing = 0;
		};
		0E28D1232717C1EA0000DADD /* Sources */ = {
			isa = PBXSourcesBuildPhase;
			buildActionMask = 2147483647;
			files = (
				0E28D1452717C1EA0000DADD /* ContentView.swift in Sources */,
				0E28D1432717C1EA0000DADD /* NavigateApp.swift in Sources */,
			);
			runOnlyForDeploymentPostprocessing = 0;
		};
		0E28D12A2717C1EA0000DADD /* Sources */ = {
			isa = PBXSourcesBuildPhase;
			buildActionMask = 2147483647;
			files = (
				0E28D1352717C1EA0000DADD /* Tests_iOSLaunchTests.swift in Sources */,
				0E28D1332717C1EA0000DADD /* Tests_iOS.swift in Sources */,
			);
			runOnlyForDeploymentPostprocessing = 0;
		};
		0E28D1362717C1EA0000DADD /* Sources */ = {
			isa = PBXSourcesBuildPhase;
			buildActionMask = 2147483647;
			files = (
				0E28D1412717C1EA0000DADD /* Tests_macOSLaunchTests.swift in Sources */,
				0E28D13F2717C1EA0000DADD /* Tests_macOS.swift in Sources */,
			);
			runOnlyForDeploymentPostprocessing = 0;
		};
		EDD3400127180F5700EFD9ED /* Sources */ = {
			isa = PBXSourcesBuildPhase;
			buildActionMask = 2147483647;
			files = (
				EDD3400A27180F5700EFD9ED /* NotificationViewController.swift in Sources */,
			);
			runOnlyForDeploymentPostprocessing = 0;
		};
/* End PBXSourcesBuildPhase section */

/* Begin PBXTargetDependency section */
		0E28D1302717C1EA0000DADD /* PBXTargetDependency */ = {
			isa = PBXTargetDependency;
			target = 0E28D1202717C1EA0000DADD /* Navigate (iOS) */;
			targetProxy = 0E28D12F2717C1EA0000DADD /* PBXContainerItemProxy */;
		};
		0E28D13C2717C1EA0000DADD /* PBXTargetDependency */ = {
			isa = PBXTargetDependency;
			target = 0E28D1262717C1EA0000DADD /* Navigate (macOS) */;
			targetProxy = 0E28D13B2717C1EA0000DADD /* PBXContainerItemProxy */;
		};
		EDD3401027180F5700EFD9ED /* PBXTargetDependency */ = {
			isa = PBXTargetDependency;
			target = EDD3400427180F5700EFD9ED /* NotificationContentExtension */;
			targetProxy = EDD3400F27180F5700EFD9ED /* PBXContainerItemProxy */;
		};
/* End PBXTargetDependency section */

/* Begin PBXVariantGroup section */
		EDD3400B27180F5700EFD9ED /* MainInterface.storyboard */ = {
			isa = PBXVariantGroup;
			children = (
				EDD3400C27180F5700EFD9ED /* Base */,
			);
			name = MainInterface.storyboard;
			sourceTree = "<group>";
		};
/* End PBXVariantGroup section */

/* Begin XCBuildConfiguration section */
		0E28D1482717C1EA0000DADD /* Debug */ = {
			isa = XCBuildConfiguration;
			buildSettings = {
				ALWAYS_SEARCH_USER_PATHS = NO;
				ASSETCATALOG_COMPILER_APPICON_NAME = "";
				CLANG_ANALYZER_NONNULL = YES;
				CLANG_ANALYZER_NUMBER_OBJECT_CONVERSION = YES_AGGRESSIVE;
				CLANG_CXX_LANGUAGE_STANDARD = "gnu++17";
				CLANG_CXX_LIBRARY = "libc++";
				CLANG_ENABLE_MODULES = YES;
				CLANG_ENABLE_OBJC_ARC = YES;
				CLANG_ENABLE_OBJC_WEAK = YES;
				CLANG_WARN_BLOCK_CAPTURE_AUTORELEASING = YES;
				CLANG_WARN_BOOL_CONVERSION = YES;
				CLANG_WARN_COMMA = YES;
				CLANG_WARN_CONSTANT_CONVERSION = YES;
				CLANG_WARN_DEPRECATED_OBJC_IMPLEMENTATIONS = YES;
				CLANG_WARN_DIRECT_OBJC_ISA_USAGE = YES_ERROR;
				CLANG_WARN_DOCUMENTATION_COMMENTS = YES;
				CLANG_WARN_EMPTY_BODY = YES;
				CLANG_WARN_ENUM_CONVERSION = YES;
				CLANG_WARN_INFINITE_RECURSION = YES;
				CLANG_WARN_INT_CONVERSION = YES;
				CLANG_WARN_NON_LITERAL_NULL_CONVERSION = YES;
				CLANG_WARN_OBJC_IMPLICIT_RETAIN_SELF = YES;
				CLANG_WARN_OBJC_LITERAL_CONVERSION = YES;
				CLANG_WARN_OBJC_ROOT_CLASS = YES_ERROR;
				CLANG_WARN_QUOTED_INCLUDE_IN_FRAMEWORK_HEADER = YES;
				CLANG_WARN_RANGE_LOOP_ANALYSIS = YES;
				CLANG_WARN_STRICT_PROTOTYPES = YES;
				CLANG_WARN_SUSPICIOUS_MOVE = YES;
				CLANG_WARN_UNGUARDED_AVAILABILITY = YES_AGGRESSIVE;
				CLANG_WARN_UNREACHABLE_CODE = YES;
				CLANG_WARN__DUPLICATE_METHOD_MATCH = YES;
				COPY_PHASE_STRIP = NO;
				DEBUG_INFORMATION_FORMAT = dwarf;
				ENABLE_STRICT_OBJC_MSGSEND = YES;
				ENABLE_TESTABILITY = YES;
				GCC_C_LANGUAGE_STANDARD = gnu11;
				GCC_DYNAMIC_NO_PIC = NO;
				GCC_NO_COMMON_BLOCKS = YES;
				GCC_OPTIMIZATION_LEVEL = 0;
				GCC_PREPROCESSOR_DEFINITIONS = (
					"DEBUG=1",
					"$(inherited)",
				);
				GCC_WARN_64_TO_32_BIT_CONVERSION = YES;
				GCC_WARN_ABOUT_RETURN_TYPE = YES_ERROR;
				GCC_WARN_UNDECLARED_SELECTOR = YES;
				GCC_WARN_UNINITIALIZED_AUTOS = YES_AGGRESSIVE;
				GCC_WARN_UNUSED_FUNCTION = YES;
				GCC_WARN_UNUSED_VARIABLE = YES;
				MTL_ENABLE_DEBUG_INFO = INCLUDE_SOURCE;
				MTL_FAST_MATH = YES;
				ONLY_ACTIVE_ARCH = YES;
				SWIFT_ACTIVE_COMPILATION_CONDITIONS = DEBUG;
				SWIFT_OPTIMIZATION_LEVEL = "-Onone";
			};
			name = Debug;
		};
		0E28D1492717C1EA0000DADD /* Release */ = {
			isa = XCBuildConfiguration;
			buildSettings = {
				ALWAYS_SEARCH_USER_PATHS = NO;
				ASSETCATALOG_COMPILER_APPICON_NAME = "";
				CLANG_ANALYZER_NONNULL = YES;
				CLANG_ANALYZER_NUMBER_OBJECT_CONVERSION = YES_AGGRESSIVE;
				CLANG_CXX_LANGUAGE_STANDARD = "gnu++17";
				CLANG_CXX_LIBRARY = "libc++";
				CLANG_ENABLE_MODULES = YES;
				CLANG_ENABLE_OBJC_ARC = YES;
				CLANG_ENABLE_OBJC_WEAK = YES;
				CLANG_WARN_BLOCK_CAPTURE_AUTORELEASING = YES;
				CLANG_WARN_BOOL_CONVERSION = YES;
				CLANG_WARN_COMMA = YES;
				CLANG_WARN_CONSTANT_CONVERSION = YES;
				CLANG_WARN_DEPRECATED_OBJC_IMPLEMENTATIONS = YES;
				CLANG_WARN_DIRECT_OBJC_ISA_USAGE = YES_ERROR;
				CLANG_WARN_DOCUMENTATION_COMMENTS = YES;
				CLANG_WARN_EMPTY_BODY = YES;
				CLANG_WARN_ENUM_CONVERSION = YES;
				CLANG_WARN_INFINITE_RECURSION = YES;
				CLANG_WARN_INT_CONVERSION = YES;
				CLANG_WARN_NON_LITERAL_NULL_CONVERSION = YES;
				CLANG_WARN_OBJC_IMPLICIT_RETAIN_SELF = YES;
				CLANG_WARN_OBJC_LITERAL_CONVERSION = YES;
				CLANG_WARN_OBJC_ROOT_CLASS = YES_ERROR;
				CLANG_WARN_QUOTED_INCLUDE_IN_FRAMEWORK_HEADER = YES;
				CLANG_WARN_RANGE_LOOP_ANALYSIS = YES;
				CLANG_WARN_STRICT_PROTOTYPES = YES;
				CLANG_WARN_SUSPICIOUS_MOVE = YES;
				CLANG_WARN_UNGUARDED_AVAILABILITY = YES_AGGRESSIVE;
				CLANG_WARN_UNREACHABLE_CODE = YES;
				CLANG_WARN__DUPLICATE_METHOD_MATCH = YES;
				COPY_PHASE_STRIP = NO;
				DEBUG_INFORMATION_FORMAT = "dwarf-with-dsym";
				ENABLE_NS_ASSERTIONS = NO;
				ENABLE_STRICT_OBJC_MSGSEND = YES;
				GCC_C_LANGUAGE_STANDARD = gnu11;
				GCC_NO_COMMON_BLOCKS = YES;
				GCC_WARN_64_TO_32_BIT_CONVERSION = YES;
				GCC_WARN_ABOUT_RETURN_TYPE = YES_ERROR;
				GCC_WARN_UNDECLARED_SELECTOR = YES;
				GCC_WARN_UNINITIALIZED_AUTOS = YES_AGGRESSIVE;
				GCC_WARN_UNUSED_FUNCTION = YES;
				GCC_WARN_UNUSED_VARIABLE = YES;
				MTL_ENABLE_DEBUG_INFO = NO;
				MTL_FAST_MATH = YES;
				SWIFT_COMPILATION_MODE = wholemodule;
				SWIFT_OPTIMIZATION_LEVEL = "-O";
			};
			name = Release;
		};
		0E28D14B2717C1EA0000DADD /* Debug */ = {
			isa = XCBuildConfiguration;
			buildSettings = {
				ALWAYS_EMBED_SWIFT_STANDARD_LIBRARIES = YES;
				ASSETCATALOG_COMPILER_APPICON_NAME = AppIcon;
				ASSETCATALOG_COMPILER_GLOBAL_ACCENT_COLOR_NAME = AccentColor;
				CODE_SIGN_STYLE = Automatic;
				CURRENT_PROJECT_VERSION = 1;
				ENABLE_PREVIEWS = YES;
				GENERATE_INFOPLIST_FILE = YES;
				INFOPLIST_KEY_UIApplicationSceneManifest_Generation = YES;
				INFOPLIST_KEY_UIApplicationSupportsIndirectInputEvents = YES;
				INFOPLIST_KEY_UILaunchScreen_Generation = YES;
				INFOPLIST_KEY_UISupportedInterfaceOrientations_iPad = "UIInterfaceOrientationPortrait UIInterfaceOrientationPortraitUpsideDown UIInterfaceOrientationLandscapeLeft UIInterfaceOrientationLandscapeRight";
				INFOPLIST_KEY_UISupportedInterfaceOrientations_iPhone = "UIInterfaceOrientationPortrait UIInterfaceOrientationLandscapeLeft UIInterfaceOrientationLandscapeRight";
				IPHONEOS_DEPLOYMENT_TARGET = 15.0;
				LD_RUNPATH_SEARCH_PATHS = (
					"$(inherited)",
					"@executable_path/Frameworks",
				);
				MARKETING_VERSION = 1.0;
				PRODUCT_BUNDLE_IDENTIFIER = au.com.ace.challenge.team4.Navigate;
				PRODUCT_NAME = Navigate;
				SDKROOT = iphoneos;
				SWIFT_EMIT_LOC_STRINGS = YES;
				SWIFT_VERSION = 5.0;
				TARGETED_DEVICE_FAMILY = "1,2";
			};
			name = Debug;
		};
		0E28D14C2717C1EA0000DADD /* Release */ = {
			isa = XCBuildConfiguration;
			buildSettings = {
				ALWAYS_EMBED_SWIFT_STANDARD_LIBRARIES = YES;
				ASSETCATALOG_COMPILER_APPICON_NAME = AppIcon;
				ASSETCATALOG_COMPILER_GLOBAL_ACCENT_COLOR_NAME = AccentColor;
				CODE_SIGN_STYLE = Automatic;
				CURRENT_PROJECT_VERSION = 1;
				ENABLE_PREVIEWS = YES;
				GENERATE_INFOPLIST_FILE = YES;
				INFOPLIST_KEY_UIApplicationSceneManifest_Generation = YES;
				INFOPLIST_KEY_UIApplicationSupportsIndirectInputEvents = YES;
				INFOPLIST_KEY_UILaunchScreen_Generation = YES;
				INFOPLIST_KEY_UISupportedInterfaceOrientations_iPad = "UIInterfaceOrientationPortrait UIInterfaceOrientationPortraitUpsideDown UIInterfaceOrientationLandscapeLeft UIInterfaceOrientationLandscapeRight";
				INFOPLIST_KEY_UISupportedInterfaceOrientations_iPhone = "UIInterfaceOrientationPortrait UIInterfaceOrientationLandscapeLeft UIInterfaceOrientationLandscapeRight";
				IPHONEOS_DEPLOYMENT_TARGET = 15.0;
				LD_RUNPATH_SEARCH_PATHS = (
					"$(inherited)",
					"@executable_path/Frameworks",
				);
				MARKETING_VERSION = 1.0;
				PRODUCT_BUNDLE_IDENTIFIER = au.com.ace.challenge.team4.Navigate;
				PRODUCT_NAME = Navigate;
				SDKROOT = iphoneos;
				SWIFT_EMIT_LOC_STRINGS = YES;
				SWIFT_VERSION = 5.0;
				TARGETED_DEVICE_FAMILY = "1,2";
				VALIDATE_PRODUCT = YES;
			};
			name = Release;
		};
		0E28D14E2717C1EA0000DADD /* Debug */ = {
			isa = XCBuildConfiguration;
			buildSettings = {
				ASSETCATALOG_COMPILER_APPICON_NAME = AppIcon;
				ASSETCATALOG_COMPILER_GLOBAL_ACCENT_COLOR_NAME = AccentColor;
				CODE_SIGN_ENTITLEMENTS = macOS/macOS.entitlements;
				CODE_SIGN_STYLE = Automatic;
				COMBINE_HIDPI_IMAGES = YES;
				CURRENT_PROJECT_VERSION = 1;
				ENABLE_PREVIEWS = YES;
				GENERATE_INFOPLIST_FILE = YES;
				INFOPLIST_KEY_NSHumanReadableCopyright = "";
				LD_RUNPATH_SEARCH_PATHS = (
					"$(inherited)",
					"@executable_path/../Frameworks",
				);
				MACOSX_DEPLOYMENT_TARGET = 11.0;
				MARKETING_VERSION = 1.0;
				PRODUCT_BUNDLE_IDENTIFIER = au.com.ace.challenge.team4.Navigate;
				PRODUCT_NAME = Navigate;
				SDKROOT = macosx;
				SWIFT_EMIT_LOC_STRINGS = YES;
				SWIFT_VERSION = 5.0;
			};
			name = Debug;
		};
		0E28D14F2717C1EA0000DADD /* Release */ = {
			isa = XCBuildConfiguration;
			buildSettings = {
				ASSETCATALOG_COMPILER_APPICON_NAME = AppIcon;
				ASSETCATALOG_COMPILER_GLOBAL_ACCENT_COLOR_NAME = AccentColor;
				CODE_SIGN_ENTITLEMENTS = macOS/macOS.entitlements;
				CODE_SIGN_STYLE = Automatic;
				COMBINE_HIDPI_IMAGES = YES;
				CURRENT_PROJECT_VERSION = 1;
				ENABLE_PREVIEWS = YES;
				GENERATE_INFOPLIST_FILE = YES;
				INFOPLIST_KEY_NSHumanReadableCopyright = "";
				LD_RUNPATH_SEARCH_PATHS = (
					"$(inherited)",
					"@executable_path/../Frameworks",
				);
				MACOSX_DEPLOYMENT_TARGET = 11.0;
				MARKETING_VERSION = 1.0;
				PRODUCT_BUNDLE_IDENTIFIER = au.com.ace.challenge.team4.Navigate;
				PRODUCT_NAME = Navigate;
				SDKROOT = macosx;
				SWIFT_EMIT_LOC_STRINGS = YES;
				SWIFT_VERSION = 5.0;
			};
			name = Release;
		};
		0E28D1512717C1EA0000DADD /* Debug */ = {
			isa = XCBuildConfiguration;
			buildSettings = {
				ALWAYS_EMBED_SWIFT_STANDARD_LIBRARIES = YES;
				CODE_SIGN_STYLE = Automatic;
				CURRENT_PROJECT_VERSION = 1;
				GENERATE_INFOPLIST_FILE = YES;
				IPHONEOS_DEPLOYMENT_TARGET = 15.0;
				LD_RUNPATH_SEARCH_PATHS = (
					"$(inherited)",
					"@executable_path/Frameworks",
					"@loader_path/Frameworks",
				);
				MARKETING_VERSION = 1.0;
				PRODUCT_BUNDLE_IDENTIFIER = "au.com.ace.challenge.team4.Tests-iOS";
				PRODUCT_NAME = "$(TARGET_NAME)";
				SDKROOT = iphoneos;
				SWIFT_EMIT_LOC_STRINGS = NO;
				SWIFT_VERSION = 5.0;
				TARGETED_DEVICE_FAMILY = "1,2";
				TEST_TARGET_NAME = "Navigate (iOS)";
			};
			name = Debug;
		};
		0E28D1522717C1EA0000DADD /* Release */ = {
			isa = XCBuildConfiguration;
			buildSettings = {
				ALWAYS_EMBED_SWIFT_STANDARD_LIBRARIES = YES;
				CODE_SIGN_STYLE = Automatic;
				CURRENT_PROJECT_VERSION = 1;
				GENERATE_INFOPLIST_FILE = YES;
				IPHONEOS_DEPLOYMENT_TARGET = 15.0;
				LD_RUNPATH_SEARCH_PATHS = (
					"$(inherited)",
					"@executable_path/Frameworks",
					"@loader_path/Frameworks",
				);
				MARKETING_VERSION = 1.0;
				PRODUCT_BUNDLE_IDENTIFIER = "au.com.ace.challenge.team4.Tests-iOS";
				PRODUCT_NAME = "$(TARGET_NAME)";
				SDKROOT = iphoneos;
				SWIFT_EMIT_LOC_STRINGS = NO;
				SWIFT_VERSION = 5.0;
				TARGETED_DEVICE_FAMILY = "1,2";
				TEST_TARGET_NAME = "Navigate (iOS)";
				VALIDATE_PRODUCT = YES;
			};
			name = Release;
		};
		0E28D1542717C1EA0000DADD /* Debug */ = {
			isa = XCBuildConfiguration;
			buildSettings = {
				ALWAYS_EMBED_SWIFT_STANDARD_LIBRARIES = YES;
				CODE_SIGN_STYLE = Automatic;
				COMBINE_HIDPI_IMAGES = YES;
				CURRENT_PROJECT_VERSION = 1;
				GENERATE_INFOPLIST_FILE = YES;
				LD_RUNPATH_SEARCH_PATHS = (
					"$(inherited)",
					"@executable_path/../Frameworks",
					"@loader_path/../Frameworks",
				);
				MACOSX_DEPLOYMENT_TARGET = 11.3;
				MARKETING_VERSION = 1.0;
				PRODUCT_BUNDLE_IDENTIFIER = "au.com.ace.challenge.team4.Tests-macOS";
				PRODUCT_NAME = "$(TARGET_NAME)";
				SDKROOT = macosx;
				SWIFT_EMIT_LOC_STRINGS = NO;
				SWIFT_VERSION = 5.0;
				TEST_TARGET_NAME = "Navigate (macOS)";
			};
			name = Debug;
		};
		0E28D1552717C1EA0000DADD /* Release */ = {
			isa = XCBuildConfiguration;
			buildSettings = {
				ALWAYS_EMBED_SWIFT_STANDARD_LIBRARIES = YES;
				CODE_SIGN_STYLE = Automatic;
				COMBINE_HIDPI_IMAGES = YES;
				CURRENT_PROJECT_VERSION = 1;
				GENERATE_INFOPLIST_FILE = YES;
				LD_RUNPATH_SEARCH_PATHS = (
					"$(inherited)",
					"@executable_path/../Frameworks",
					"@loader_path/../Frameworks",
				);
				MACOSX_DEPLOYMENT_TARGET = 11.3;
				MARKETING_VERSION = 1.0;
				PRODUCT_BUNDLE_IDENTIFIER = "au.com.ace.challenge.team4.Tests-macOS";
				PRODUCT_NAME = "$(TARGET_NAME)";
				SDKROOT = macosx;
				SWIFT_EMIT_LOC_STRINGS = NO;
				SWIFT_VERSION = 5.0;
				TEST_TARGET_NAME = "Navigate (macOS)";
			};
			name = Release;
		};
		EDD3401327180F5700EFD9ED /* Debug */ = {
			isa = XCBuildConfiguration;
			buildSettings = {
				CODE_SIGN_STYLE = Automatic;
				CURRENT_PROJECT_VERSION = 1;
				GENERATE_INFOPLIST_FILE = YES;
				INFOPLIST_FILE = NotificationContentExtension/Info.plist;
				INFOPLIST_KEY_CFBundleDisplayName = NotificationContentExtension;
				INFOPLIST_KEY_NSHumanReadableCopyright = "";
				IPHONEOS_DEPLOYMENT_TARGET = 15.0;
				LD_RUNPATH_SEARCH_PATHS = (
					"$(inherited)",
					"@executable_path/Frameworks",
					"@executable_path/../../Frameworks",
				);
				MARKETING_VERSION = 1.0;
				PRODUCT_BUNDLE_IDENTIFIER = au.com.ace.challenge.team4.Navigate.NotificationContentExtension;
				PRODUCT_NAME = "$(TARGET_NAME)";
				SDKROOT = iphoneos;
				SKIP_INSTALL = YES;
				SWIFT_EMIT_LOC_STRINGS = YES;
				SWIFT_VERSION = 5.0;
				TARGETED_DEVICE_FAMILY = "1,2";
			};
			name = Debug;
		};
		EDD3401427180F5700EFD9ED /* Release */ = {
			isa = XCBuildConfiguration;
			buildSettings = {
				CODE_SIGN_STYLE = Automatic;
				CURRENT_PROJECT_VERSION = 1;
				GENERATE_INFOPLIST_FILE = YES;
				INFOPLIST_FILE = NotificationContentExtension/Info.plist;
				INFOPLIST_KEY_CFBundleDisplayName = NotificationContentExtension;
				INFOPLIST_KEY_NSHumanReadableCopyright = "";
				IPHONEOS_DEPLOYMENT_TARGET = 15.0;
				LD_RUNPATH_SEARCH_PATHS = (
					"$(inherited)",
					"@executable_path/Frameworks",
					"@executable_path/../../Frameworks",
				);
				MARKETING_VERSION = 1.0;
				PRODUCT_BUNDLE_IDENTIFIER = au.com.ace.challenge.team4.Navigate.NotificationContentExtension;
				PRODUCT_NAME = "$(TARGET_NAME)";
				SDKROOT = iphoneos;
				SKIP_INSTALL = YES;
				SWIFT_EMIT_LOC_STRINGS = YES;
				SWIFT_VERSION = 5.0;
				TARGETED_DEVICE_FAMILY = "1,2";
				VALIDATE_PRODUCT = YES;
			};
			name = Release;
		};
/* End XCBuildConfiguration section */

/* Begin XCConfigurationList section */
		0E28D1182717C1E40000DADD /* Build configuration list for PBXProject "Navigate" */ = {
			isa = XCConfigurationList;
			buildConfigurations = (
				0E28D1482717C1EA0000DADD /* Debug */,
				0E28D1492717C1EA0000DADD /* Release */,
			);
			defaultConfigurationIsVisible = 0;
			defaultConfigurationName = Release;
		};
		0E28D14A2717C1EA0000DADD /* Build configuration list for PBXNativeTarget "Navigate (iOS)" */ = {
			isa = XCConfigurationList;
			buildConfigurations = (
				0E28D14B2717C1EA0000DADD /* Debug */,
				0E28D14C2717C1EA0000DADD /* Release */,
			);
			defaultConfigurationIsVisible = 0;
			defaultConfigurationName = Release;
		};
		0E28D14D2717C1EA0000DADD /* Build configuration list for PBXNativeTarget "Navigate (macOS)" */ = {
			isa = XCConfigurationList;
			buildConfigurations = (
				0E28D14E2717C1EA0000DADD /* Debug */,
				0E28D14F2717C1EA0000DADD /* Release */,
			);
			defaultConfigurationIsVisible = 0;
			defaultConfigurationName = Release;
		};
		0E28D1502717C1EA0000DADD /* Build configuration list for PBXNativeTarget "Tests iOS" */ = {
			isa = XCConfigurationList;
			buildConfigurations = (
				0E28D1512717C1EA0000DADD /* Debug */,
				0E28D1522717C1EA0000DADD /* Release */,
			);
			defaultConfigurationIsVisible = 0;
			defaultConfigurationName = Release;
		};
		0E28D1532717C1EA0000DADD /* Build configuration list for PBXNativeTarget "Tests macOS" */ = {
			isa = XCConfigurationList;
			buildConfigurations = (
				0E28D1542717C1EA0000DADD /* Debug */,
				0E28D1552717C1EA0000DADD /* Release */,
			);
			defaultConfigurationIsVisible = 0;
			defaultConfigurationName = Release;
		};
		EDD3401227180F5700EFD9ED /* Build configuration list for PBXNativeTarget "NotificationContentExtension" */ = {
			isa = XCConfigurationList;
			buildConfigurations = (
				EDD3401327180F5700EFD9ED /* Debug */,
				EDD3401427180F5700EFD9ED /* Release */,
			);
			defaultConfigurationIsVisible = 0;
			defaultConfigurationName = Release;
		};
/* End XCConfigurationList section */
	};
	rootObject = 0E28D1152717C1E40000DADD /* Project object */;
}
